<?xml version="1.0" encoding="UTF-8" standalone="yes" ?>
<CodeBlocks_project_file>
	<FileVersion major="1" minor="6" />
	<Project>
		<Option title="GestionCine" />
		<Option pch_mode="2" />
		<Option compiler="gcc" />
		<Build>
			<Target title="Debug">
				<Option output="bin/Debug/GestionCine" prefix_auto="1" extension_auto="1" />
				<Option object_output="obj/Debug/" />
				<Option type="1" />
				<Option compiler="gcc" />
				<Compiler>
					<Add option="-g" />
				</Compiler>
			</Target>
			<Target title="Release">
				<Option output="bin/Release/GestionCine" prefix_auto="1" extension_auto="1" />
				<Option object_output="obj/Release/" />
				<Option type="1" />
				<Option compiler="gcc" />
				<Compiler>
					<Add option="-O2" />
				</Compiler>
				<Linker>
					<Add option="-s" />
				</Linker>
			</Target>
		</Build>
		<Compiler>
			<Add option="-Wall" />
			<Add option="-fexceptions" />
		</Compiler>
		<Unit filename="Reportes.h" />
		<Unit filename="clsAlimentos.h" />
		<Unit filename="clsCliente.h" />
		<Unit filename="clsDetalleventas.h" />
		<Unit filename="clsPeliculas.h" />
		<Unit filename="clsVentas.h" />
		<Unit filename="funcionesGlobales.h" />
		<Unit filename="main.cpp" />
		<Unit filename="menu.cpp" />
		<Unit filename="rlutil.h" />
		<Unit filename="subMenuAlimentos.h" />
		<Unit filename="subMenuClientes.h" />
		<Unit filename="subMenuConfiguracion.h" />
		<Unit filename="subMenuPeliculas.h" />
		<Unit filename="subMenuVentas.h" />
		<Extensions>
			<lib_finder disable_auto="1" />
		</Extensions>
	</Project>
</CodeBlocks_project_file>
